hash: 7485248c9beddae8a4cc39fef27ed4fd20821f4c5b38db3f6b4b7d6693afa430
updated: 2017-07-14T16:44:16.614011251+02:00
imports:
- name: github.com/gorilla/mux
  version: bcd8bc72b08df0f70df986b97f95590779502d31
- name: github.com/gorilla/sessions
  version: ca9ada44574153444b00d3fd9c8559e4cc95f896
- name: github.com/pborman/uuid
  version: a97ce2ca70fa5a848076093f05e639a89ca34d06
testImports: []
